# This file is autogenerated, do not edit; changes may be undone by the next 'dep ensure'.


[[projects]]
  branch = "master"
  digest = "1:355fd61339c300d8ce36495d278855893220bac8283d65a04b94fe4db201952e"
  name = "github.com/go-gl/gl"
  packages = ["v2.1/gl"]
  pruneopts = "T"
  revision = "68e2537930806bfcee1b92a0e14b4e9b8bb3a3e3"

[[projects]]
  branch = "master"
  digest = "1:e8d292253ac63a2c277fd16423943006a72a2ef335b402ac8618a41ad360bd52"
  name = "github.com/go-gl/glfw"
  packages = ["v3.2/glfw"]
  pruneopts = "T"
  revision = "691ee1b84c51ae625ed1aafebc915d3db3d63d66"

[[projects]]
  branch = "master"
  digest = "1:80db022dfab5e752d7b8fa94f2f31a8ac6bfb3a95ae610aa1d0c29289c7745f7"
  name = "github.com/gopherjs/gopherjs"
  packages = ["js"]
  pruneopts = "T"
  revision = "0766667cb4d1cfb8d5fde1fe210ae41ead3cf589"

[[projects]]
  digest = "1:ea79e893ecede96ea16486d2169c7b105fb1b0215159202e4aab96e5a513f94d"
  name = "github.com/gopherjs/gopherwasm"
  packages = ["js"]
  pruneopts = "T"
  revision = "b0e1786f520333e4546f02930c5ca8a929b38841"
  version = "v1.0.1"

[[projects]]
  digest = "1:a055cb9af0f4670ac1470523781e8987e449506624244d6da6bd9b5e2aeb0239"
  name = "github.com/hajimehoshi/ebiten"
  packages = [
    ".",
    "ebitenutil",
    "ebitenutil/internal/assets",
    "internal/affine",
    "internal/clock",
    "internal/devicescale",
    "internal/graphics",
    "internal/graphicsutil",
    "internal/hooks",
    "internal/input",
    "internal/math",
    "internal/opengl",
    "internal/packing",
    "internal/png",
    "internal/restorable",
    "internal/shareable",
    "internal/ui",
    "internal/web",
  ]
  pruneopts = "T"
  revision = "132fc7b7a9479caaf599b9f186d6d777f3880128"
  version = "v1.8.0"

[[projects]]
  branch = "master"
  digest = "1:fa905b3a3b0c379080ffc7a0a79ad07b0dbba3a1acf6654abf1e42b07deb92f2"
  name = "golang.org/x/exp"
  packages = [
    "shiny/driver/gldriver",
    "shiny/driver/internal/drawer",
    "shiny/driver/internal/errscreen",
    "shiny/driver/internal/event",
    "shiny/driver/internal/lifecycler",
    "shiny/driver/internal/win32",
    "shiny/driver/internal/x11key",
    "shiny/screen",
  ]
  pruneopts = "T"
  revision = "d8bb7a16721e319e95865be2662b889387204776"

[[projects]]
  branch = "master"
  digest = "1:9533f3ed0f1911f97eb9515457e719bed5d608a4848cbe56c9cfa3d924393f68"
  name = "golang.org/x/image"
  packages = ["math/f64"]
  pruneopts = "T"
  revision = "991ec62608f3c0da01d400756917825d1e2fd528"

[[projects]]
  branch = "master"
  digest = "1:82f2fa97f406e81d67efd2d08c8b0478a0eebe9d7f5f9687ba8aaf8db5b3b767"
  name = "golang.org/x/mobile"
  packages = [
    "app",
    "app/internal/callfn",
    "event/key",
    "event/lifecycle",
    "event/mouse",
    "event/paint",
    "event/size",
    "event/touch",
    "geom",
    "gl",
    "internal/mobileinit",
  ]
  pruneopts = "T"
  revision = "92f3b9caf7ba8f4f9c10074225afcba0cba47a62"

[[projects]]
  branch = "master"
  digest = "1:828772b36b9deecad96e2d0d31f977e01390c8f6f470b007ec65ec833e60dae0"
  name = "golang.org/x/sys"
  packages = ["windows"]
  pruneopts = "T"
  revision = "8e24a49d80f82323e1c4db1b5da3e0f31171a151"

[[projects]]
  branch = "master"
  digest = "1:b5112ff0356b6ba9d1b55125256a189a26778071dbdeb0f5093a2dbfabfae4ab"
  name = "golang.org/x/tools"
  packages = ["go/ast/astutil"]
  pruneopts = "T"
  revision = "3e7aa9e59977626dc60433e9aeadf1bb63d28295"

[solve-meta]
  analyzer-name = "dep"
  analyzer-version = 1
  input-imports = [
    "github.com/hajimehoshi/ebiten",
    "github.com/hajimehoshi/ebiten/ebitenutil",
  ]
  solver-name = "gps-cdcl"
  solver-version = 1
